{
  "name": "play-germany.client",
  "version": "0.0.0",
  "lockfileVersion": 1,
  "requires": true,
  "dependencies": {
    "@altv/types-client": {
      "version": "1.3.4",
      "resolved": "https://registry.npmjs.org/@altv/types-client/-/types-client-1.3.4.tgz",
      "integrity": "sha512-9BCybj/HJk8PUEcEmwnBof1+mG7N50KvdN0niFrX8eA+N3ORGt5zRrenPHnEEn2CFFuj+2xYc6hmL+1PtHrxnQ==",
      "dev": true
    },
    "@altv/types-natives": {
      "version": "1.1.0",
      "resolved": "https://registry.npmjs.org/@altv/types-natives/-/types-natives-1.1.0.tgz",
      "integrity": "sha512-u198P4QRfoI9txOMDC8kx2qD/b3KoIRUG0IgAzy1d51OTePpbpJRf7RZf8iMRRvQOBEhfwSODDggsuwb4JcMaQ==",
      "dev": true
    },
    "@altv/types-webview": {
      "version": "1.0.2",
      "resolved": "https://registry.npmjs.org/@altv/types-webview/-/types-webview-1.0.2.tgz",
      "integrity": "sha512-3RceTutIDS/XV8YUn/AiSe61BERBb6LfCCQxIcN5bvlh26lPXC0naxtQTcG39pSgj8a5iiVT8LaRNdEZP6JBcA==",
      "dev": true
    },
    "@types/node": {
      "version": "8.10.66",
      "resolved": "https://registry.npmjs.org/@types/node/-/node-8.10.66.tgz",
      "integrity": "sha512-tktOkFUA4kXx2hhhrB8bIFb5TbwzS4uOhKEmwiD+NoiL0qtP2OQ9mFldbgD4dV1djrlBYP6eBuQZiWjuHUpqFw==",
      "dev": true
    },
    "typescript": {
      "version": "3.9.7",
      "resolved": "https://registry.npmjs.org/typescript/-/typescript-3.9.7.tgz",
      "integrity": "sha512-BLbiRkiBzAwsjut4x/dsibSTB6yWpwT5qWmC2OfuCg3GgVQCSgMs4vEctYPhsaGtd0AeuuHMkjZ2h2WG8MSzRw==",
      "dev": true
    }
  }
}
