
Microsoft Visual Studio Solution File, Format Version 12.00
# Visual Studio Version 16
VisualStudioVersion = 16.0.30711.63
MinimumVisualStudioVersion = 10.0.40219.1
Project("{9092AA53-FB77-4645-B42D-1CCCA6BD08BD}") = "Minerva.Client", "Minerva.Client\Minerva.Client.njsproj", "{37359194-DBF4-46A0-9E04-85A6E433EE1A}"
EndProject
Project("{9A19103F-16F7-4668-BE54-9A1E7A4F7556}") = "Minerva.Server", "Minerva.Server\Minerva.Server.csproj", "{39E9A7DA-69EC-4B85-8B87-14150F156093}"
EndProject
Project("{9A19103F-16F7-4668-BE54-9A1E7A4F7556}") = "Minerva.Server.DataAccessLayer", "Minerva.Server.DataAccessLayer\Minerva.Server.DataAccessLayer.csproj", "{7447BD51-C211-4A77-9979-D121C29F8927}"
EndProject
Project("{9A19103F-16F7-4668-BE54-9A1E7A4F7556}") = "Minerva.Server.Core", "Minerva.Server.Core\Minerva.Server.Core.csproj", "{5DF9977C-5663-4D3A-8637-C5BEEDA1F1F7}"
EndProject
Global
	GlobalSection(SolutionConfigurationPlatforms) = preSolution
		Debug|Any CPU = Debug|Any CPU
		Release|Any CPU = Release|Any CPU
	EndGlobalSection
	GlobalSection(ProjectConfigurationPlatforms) = postSolution
		{37359194-DBF4-46A0-9E04-85A6E433EE1A}.Debug|Any CPU.ActiveCfg = Debug|Any CPU
		{37359194-DBF4-46A0-9E04-85A6E433EE1A}.Debug|Any CPU.Build.0 = Debug|Any CPU
		{37359194-DBF4-46A0-9E04-85A6E433EE1A}.Release|Any CPU.ActiveCfg = Release|Any CPU
		{37359194-DBF4-46A0-9E04-85A6E433EE1A}.Release|Any CPU.Build.0 = Release|Any CPU
		{39E9A7DA-69EC-4B85-8B87-14150F156093}.Debug|Any CPU.ActiveCfg = Debug|Any CPU
		{39E9A7DA-69EC-4B85-8B87-14150F156093}.Debug|Any CPU.Build.0 = Debug|Any CPU
		{39E9A7DA-69EC-4B85-8B87-14150F156093}.Release|Any CPU.ActiveCfg = Release|Any CPU
		{39E9A7DA-69EC-4B85-8B87-14150F156093}.Release|Any CPU.Build.0 = Release|Any CPU
		{7447BD51-C211-4A77-9979-D121C29F8927}.Debug|Any CPU.ActiveCfg = Debug|Any CPU
		{7447BD51-C211-4A77-9979-D121C29F8927}.Debug|Any CPU.Build.0 = Debug|Any CPU
		{7447BD51-C211-4A77-9979-D121C29F8927}.Release|Any CPU.ActiveCfg = Release|Any CPU
		{7447BD51-C211-4A77-9979-D121C29F8927}.Release|Any CPU.Build.0 = Release|Any CPU
		{5DF9977C-5663-4D3A-8637-C5BEEDA1F1F7}.Debug|Any CPU.ActiveCfg = Debug|Any CPU
		{5DF9977C-5663-4D3A-8637-C5BEEDA1F1F7}.Debug|Any CPU.Build.0 = Debug|Any CPU
		{5DF9977C-5663-4D3A-8637-C5BEEDA1F1F7}.Release|Any CPU.ActiveCfg = Release|Any CPU
		{5DF9977C-5663-4D3A-8637-C5BEEDA1F1F7}.Release|Any CPU.Build.0 = Release|Any CPU
	EndGlobalSection
	GlobalSection(SolutionProperties) = preSolution
		HideSolutionNode = FALSE
	EndGlobalSection
	GlobalSection(ExtensibilityGlobals) = postSolution
		SolutionGuid = {A564704B-B3AC-467D-AD6A-E5236ADBB65F}
	EndGlobalSection
EndGlobal
